Microsoft Visual Studio Solution File, Format Version 12.00
# Visual Studio 2012
Project("{FAE04EC0-301F-11D3-BF4B-00C04F79EFBC}") = "Map Kit", "Map Kit.csproj", "{41F21C94-F3B5-42A5-B77A-67CAF5BC6B9E}"
EndProject
Global
	GlobalSection(SolutionConfigurationPlatforms) = preSolution
	Debug|Any CPU = Debug|Any CPU
	ExportDebug|Any CPU = ExportDebug|Any CPU
	ExportRelease|Any CPU = ExportRelease|Any CPU
	EndGlobalSection
	GlobalSection(ProjectConfigurationPlatforms) = postSolution
		{41F21C94-F3B5-42A5-B77A-67CAF5BC6B9E}.Debug|Any CPU.ActiveCfg = Debug|Any CPU
		{41F21C94-F3B5-42A5-B77A-67CAF5BC6B9E}.Debug|Any CPU.Build.0 = Debug|Any CPU
		{41F21C94-F3B5-42A5-B77A-67CAF5BC6B9E}.ExportDebug|Any CPU.ActiveCfg = ExportDebug|Any CPU
		{41F21C94-F3B5-42A5-B77A-67CAF5BC6B9E}.ExportDebug|Any CPU.Build.0 = ExportDebug|Any CPU
		{41F21C94-F3B5-42A5-B77A-67CAF5BC6B9E}.ExportRelease|Any CPU.ActiveCfg = ExportRelease|Any CPU
		{41F21C94-F3B5-42A5-B77A-67CAF5BC6B9E}.ExportRelease|Any CPU.Build.0 = ExportRelease|Any CPU
	EndGlobalSection
EndGlobal
